
Microsoft Visual Studio Solution File, Format Version 12.00
# Visual Studio Version 17
VisualStudioVersion = 17.14.36511.14 d17.14
MinimumVisualStudioVersion = 10.0.40219.1
Project("{FAE04EC0-301F-11D3-BF4B-00C04F79EFBC}") = "AuthenticationApp", "AuthenticationApp.csproj", "{20945170-A43D-4C14-A360-B9137C56DA31}"
EndProject
Global
	GlobalSection(SolutionConfigurationPlatforms) = preSolution
		Debug|Any CPU = Debug|Any CPU
		Release|Any CPU = Release|Any CPU
	EndGlobalSection
	GlobalSection(ProjectConfigurationPlatforms) = postSolution
		{20945170-A43D-4C14-A360-B9137C56DA31}.Debug|Any CPU.ActiveCfg = Debug|Any CPU
		{20945170-A43D-4C14-A360-B9137C56DA31}.Debug|Any CPU.Build.0 = Debug|Any CPU
		{20945170-A43D-4C14-A360-B9137C56DA31}.Release|Any CPU.ActiveCfg = Release|Any CPU
		{20945170-A43D-4C14-A360-B9137C56DA31}.Release|Any CPU.Build.0 = Release|Any CPU
	EndGlobalSection
	GlobalSection(SolutionProperties) = preSolution
		HideSolutionNode = FALSE
	EndGlobalSection
	GlobalSection(ExtensibilityGlobals) = postSolution
		SolutionGuid = {D25A6779-2D18-413D-ABB6-F5E728120D65}
	EndGlobalSection
EndGlobal
